
Microsoft Visual Studio Solution File, Format Version 12.00
# Visual Studio 15
VisualStudioVersion = 15.0.28307.421
MinimumVisualStudioVersion = 10.0.40219.1
Project("{FAE04EC0-301F-11D3-BF4B-00C04F79EFBC}") = "Movies", "Movies\Movies.csproj", "{A39EE8A6-6DB5-418F-B72C-45CB76D502FA}"
EndProject
Global
	GlobalSection(SolutionConfigurationPlatforms) = preSolution
		Debug|Any CPU = Debug|Any CPU
		Release|Any CPU = Release|Any CPU
	EndGlobalSection
	GlobalSection(ProjectConfigurationPlatforms) = postSolution
		{A39EE8A6-6DB5-418F-B72C-45CB76D502FA}.Debug|Any CPU.ActiveCfg = Debug|Any CPU
		{A39EE8A6-6DB5-418F-B72C-45CB76D502FA}.Debug|Any CPU.Build.0 = Debug|Any CPU
		{A39EE8A6-6DB5-418F-B72C-45CB76D502FA}.Release|Any CPU.ActiveCfg = Release|Any CPU
		{A39EE8A6-6DB5-418F-B72C-45CB76D502FA}.Release|Any CPU.Build.0 = Release|Any CPU
	EndGlobalSection
	GlobalSection(SolutionProperties) = preSolution
		HideSolutionNode = FALSE
	EndGlobalSection
	GlobalSection(ExtensibilityGlobals) = postSolution
		SolutionGuid = {85417809-B03A-489F-BD85-A11DD1C87A05}
	EndGlobalSection
EndGlobal
